{
  "name": "atbash-encrpyt-use-js",
  "version": "1.0.0",
  "lockfileVersion": 3,
  "requires": true,
  "packages": {
    "": {
      "name": "atbash-encrpyt-use-js",
      "version": "1.0.0",
      "license": "ISC",
      "dependencies": {
        "encrypt": "^0.0.1"
      }
    },
    "node_modules/encrypt": {
      "version": "0.0.1",
      "resolved": "https://registry.npmjs.org/encrypt/-/encrypt-0.0.1.tgz",
      "integrity": "sha512-gFe3RignVzXJgjMGQsDG6m1Jw0SZT1cU5ClK2UbraqvyVzB6FmNY/aKeNbD1u8a40s2ODFgFV3GeuAqvQ/l8Uw==",
      "engines": {
        "node": ">= 0.2.6"
      }
    }
  }
}
